// !$*UTF8*$!
{
	archiveVersion = 1;
	classes = {
	};
	objectVersion = 50;
	objects = {

/* Begin PBXBuildFile section */
		418D7697241269790051F8FB /* AppData.h in Headers */ = {isa = PBXBuildFile; fileRef = 418D7695241269790051F8FB /* AppData.h */; settings = {ATTRIBUTES = (Public, ); }; };
		418D76A0241270730051F8FB /* CachedIconEntity.swift in Sources */ = {isa = PBXBuildFile; fileRef = 418D769E241270730051F8FB /* CachedIconEntity.swift */; };
		418D76A1241270730051F8FB /* DepositionPartnerEntity.swift in Sources */ = {isa = PBXBuildFile; fileRef = 418D769F241270730051F8FB /* DepositionPartnerEntity.swift */; };
		418D76A8241271D90051F8FB /* CoreDataStack.swift in Sources */ = {isa = PBXBuildFile; fileRef = 418D76A7241271D90051F8FB /* CoreDataStack.swift */; };
		418D76AE2413F74A0051F8FB /* TinkoffApi.framework in Frameworks */ = {isa = PBXBuildFile; fileRef = 418D76AD2413F74A0051F8FB /* TinkoffApi.framework */; };
		418D76AF2413F74A0051F8FB /* TinkoffApi.framework in Embed Frameworks */ = {isa = PBXBuildFile; fileRef = 418D76AD2413F74A0051F8FB /* TinkoffApi.framework */; settings = {ATTRIBUTES = (CodeSignOnCopy, RemoveHeadersOnCopy, ); }; };
		418D76B62414A5810051F8FB /* AppModel.xcdatamodeld in Sources */ = {isa = PBXBuildFile; fileRef = 418D76A3241270840051F8FB /* AppModel.xcdatamodeld */; };
/* End PBXBuildFile section */

/* Begin PBXCopyFilesBuildPhase section */
		418D76B02413F74A0051F8FB /* Embed Frameworks */ = {
			isa = PBXCopyFilesBuildPhase;
			buildActionMask = 2147483647;
			dstPath = "";
			dstSubfolderSpec = 10;
			files = (
				418D76AF2413F74A0051F8FB /* TinkoffApi.framework in Embed Frameworks */,
			);
			name = "Embed Frameworks";
			runOnlyForDeploymentPostprocessing = 0;
		};
/* End PBXCopyFilesBuildPhase section */

/* Begin PBXFileReference section */
		418D7692241269790051F8FB /* AppData.framework */ = {isa = PBXFileReference; explicitFileType = wrapper.framework; includeInIndex = 0; path = AppData.framework; sourceTree = BUILT_PRODUCTS_DIR; };
		418D7695241269790051F8FB /* AppData.h */ = {isa = PBXFileReference; lastKnownFileType = sourcecode.c.h; path = AppData.h; sourceTree = "<group>"; };
		418D7696241269790051F8FB /* Info.plist */ = {isa = PBXFileReference; lastKnownFileType = text.plist.xml; path = Info.plist; sourceTree = "<group>"; };
		418D769E241270730051F8FB /* CachedIconEntity.swift */ = {isa = PBXFileReference; fileEncoding = 4; lastKnownFileType = sourcecode.swift; path = CachedIconEntity.swift; sourceTree = "<group>"; };
		418D769F241270730051F8FB /* DepositionPartnerEntity.swift */ = {isa = PBXFileReference; fileEncoding = 4; lastKnownFileType = sourcecode.swift; path = DepositionPartnerEntity.swift; sourceTree = "<group>"; };
		418D76A2241270840051F8FB /* AppModel.xcdatamodel */ = {isa = PBXFileReference; lastKnownFileType = wrapper.xcdatamodel; path = AppModel.xcdatamodel; sourceTree = "<group>"; };
		418D76A7241271D90051F8FB /* CoreDataStack.swift */ = {isa = PBXFileReference; lastKnownFileType = sourcecode.swift; path = CoreDataStack.swift; sourceTree = "<group>"; };
		418D76AD2413F74A0051F8FB /* TinkoffApi.framework */ = {isa = PBXFileReference; explicitFileType = wrapper.framework; path = TinkoffApi.framework; sourceTree = BUILT_PRODUCTS_DIR; };
/* End PBXFileReference section */

/* Begin PBXFrameworksBuildPhase section */
		418D768F241269790051F8FB /* Frameworks */ = {
			isa = PBXFrameworksBuildPhase;
			buildActionMask = 2147483647;
			files = (
				418D76AE2413F74A0051F8FB /* TinkoffApi.framework in Frameworks */,
			);
			runOnlyForDeploymentPostprocessing = 0;
		};
/* End PBXFrameworksBuildPhase section */

/* Begin PBXGroup section */
		418D7688241269790051F8FB = {
			isa = PBXGroup;
			children = (
				418D7694241269790051F8FB /* AppData */,
				418D7693241269790051F8FB /* Products */,
				418D76AC2413F74A0051F8FB /* Frameworks */,
			);
			sourceTree = "<group>";
		};
		418D7693241269790051F8FB /* Products */ = {
			isa = PBXGroup;
			children = (
				418D7692241269790051F8FB /* AppData.framework */,
			);
			name = Products;
			sourceTree = "<group>";
		};
		418D7694241269790051F8FB /* AppData */ = {
			isa = PBXGroup;
			children = (
				418D769D2412705E0051F8FB /* Entities */,
				418D76A7241271D90051F8FB /* CoreDataStack.swift */,
				418D7695241269790051F8FB /* AppData.h */,
				418D7696241269790051F8FB /* Info.plist */,
				418D76A3241270840051F8FB /* AppModel.xcdatamodeld */,
			);
			path = AppData;
			sourceTree = "<group>";
		};
		418D769D2412705E0051F8FB /* Entities */ = {
			isa = PBXGroup;
			children = (
				418D769E241270730051F8FB /* CachedIconEntity.swift */,
				418D769F241270730051F8FB /* DepositionPartnerEntity.swift */,
			);
			path = Entities;
			sourceTree = "<group>";
		};
		418D76AC2413F74A0051F8FB /* Frameworks */ = {
			isa = PBXGroup;
			children = (
				418D76AD2413F74A0051F8FB /* TinkoffApi.framework */,
			);
			name = Frameworks;
			sourceTree = "<group>";
		};
/* End PBXGroup section */

/* Begin PBXHeadersBuildPhase section */
		418D768D241269790051F8FB /* Headers */ = {
			isa = PBXHeadersBuildPhase;
			buildActionMask = 2147483647;
			files = (
				418D7697241269790051F8FB /* AppData.h in Headers */,
			);
			runOnlyForDeploymentPostprocessing = 0;
		};
/* End PBXHeadersBuildPhase section */

/* Begin PBXNativeTarget section */
		418D7691241269790051F8FB /* AppData */ = {
			isa = PBXNativeTarget;
			buildConfigurationList = 418D769A241269790051F8FB /* Build configuration list for PBXNativeTarget "AppData" */;
			buildPhases = (
				418D768D241269790051F8FB /* Headers */,
				418D768E241269790051F8FB /* Sources */,
				418D768F241269790051F8FB /* Frameworks */,
				418D7690241269790051F8FB /* Resources */,
				418D76B02413F74A0051F8FB /* Embed Frameworks */,
			);
			buildRules = (
			);
			dependencies = (
			);
			name = AppData;
			productName = AppData;
			productReference = 418D7692241269790051F8FB /* AppData.framework */;
			productType = "com.apple.product-type.framework";
		};
/* End PBXNativeTarget section */

/* Begin PBXProject section */
		418D7689241269790051F8FB /* Project object */ = {
			isa = PBXProject;
			attributes = {
				LastUpgradeCheck = 1130;
				ORGANIZATIONNAME = r.gladkikh;
				TargetAttributes = {
					418D7691241269790051F8FB = {
						CreatedOnToolsVersion = 11.3.1;
					};
				};
			};
			buildConfigurationList = 418D768C241269790051F8FB /* Build configuration list for PBXProject "AppData" */;
			compatibilityVersion = "Xcode 9.3";
			developmentRegion = en;
			hasScannedForEncodings = 0;
			knownRegions = (
				en,
				Base,
			);
			mainGroup = 418D7688241269790051F8FB;
			productRefGroup = 418D7693241269790051F8FB /* Products */;
			projectDirPath = "";
			projectRoot = "";
			targets = (
				418D7691241269790051F8FB /* AppData */,
			);
		};
/* End PBXProject section */

/* Begin PBXResourcesBuildPhase section */
		418D7690241269790051F8FB /* Resources */ = {
			isa = PBXResourcesBuildPhase;
			buildActionMask = 2147483647;
			files = (
			);
			runOnlyForDeploymentPostprocessing = 0;
		};
/* End PBXResourcesBuildPhase section */

/* Begin PBXSourcesBuildPhase section */
		418D768E241269790051F8FB /* Sources */ = {
			isa = PBXSourcesBuildPhase;
			buildActionMask = 2147483647;
			files = (
				418D76B62414A5810051F8FB /* AppModel.xcdatamodeld in Sources */,
				418D76A8241271D90051F8FB /* CoreDataStack.swift in Sources */,
				418D76A0241270730051F8FB /* CachedIconEntity.swift in Sources */,
				418D76A1241270730051F8FB /* DepositionPartnerEntity.swift in Sources */,
			);
			runOnlyForDeploymentPostprocessing = 0;
		};
/* End PBXSourcesBuildPhase section */

/* Begin XCBuildConfiguration section */
		418D7698241269790051F8FB /* Debug */ = {
			isa = XCBuildConfiguration;
			buildSettings = {
				ALWAYS_SEARCH_USER_PATHS = NO;
				CLANG_ANALYZER_NONNULL = YES;
				CLANG_ANALYZER_NUMBER_OBJECT_CONVERSION = YES_AGGRESSIVE;
				CLANG_CXX_LANGUAGE_STANDARD = "gnu++14";
				CLANG_CXX_LIBRARY = "libc++";
				CLANG_ENABLE_MODULES = YES;
				CLANG_ENABLE_OBJC_ARC = YES;
				CLANG_ENABLE_OBJC_WEAK = YES;
				CLANG_WARN_BLOCK_CAPTURE_AUTORELEASING = YES;
				CLANG_WARN_BOOL_CONVERSION = YES;
				CLANG_WARN_COMMA = YES;
				CLANG_WARN_CONSTANT_CONVERSION = YES;
				CLANG_WARN_DEPRECATED_OBJC_IMPLEMENTATIONS = YES;
				CLANG_WARN_DIRECT_OBJC_ISA_USAGE = YES_ERROR;
				CLANG_WARN_DOCUMENTATION_COMMENTS = YES;
				CLANG_WARN_EMPTY_BODY = YES;
				CLANG_WARN_ENUM_CONVERSION = YES;
				CLANG_WARN_INFINITE_RECURSION = YES;
				CLANG_WARN_INT_CONVERSION = YES;
				CLANG_WARN_NON_LITERAL_NULL_CONVERSION = YES;
				CLANG_WARN_OBJC_IMPLICIT_RETAIN_SELF = YES;
				CLANG_WARN_OBJC_LITERAL_CONVERSION = YES;
				CLANG_WARN_OBJC_ROOT_CLASS = YES_ERROR;
				CLANG_WARN_RANGE_LOOP_ANALYSIS = YES;
				CLANG_WARN_STRICT_PROTOTYPES = YES;
				CLANG_WARN_SUSPICIOUS_MOVE = YES;
				CLANG_WARN_UNGUARDED_AVAILABILITY = YES_AGGRESSIVE;
				CLANG_WARN_UNREACHABLE_CODE = YES;
				CLANG_WARN__DUPLICATE_METHOD_MATCH = YES;
				COPY_PHASE_STRIP = NO;
				CURRENT_PROJECT_VERSION = 1;
				DEBUG_INFORMATION_FORMAT = dwarf;
				ENABLE_STRICT_OBJC_MSGSEND = YES;
				ENABLE_TESTABILITY = YES;
				GCC_C_LANGUAGE_STANDARD = gnu11;
				GCC_DYNAMIC_NO_PIC = NO;
				GCC_NO_COMMON_BLOCKS = YES;
				GCC_OPTIMIZATION_LEVEL = 0;
				GCC_PREPROCESSOR_DEFINITIONS = (
					"DEBUG=1",
					"$(inherited)",
				);
				GCC_WARN_64_TO_32_BIT_CONVERSION = YES;
				GCC_WARN_ABOUT_RETURN_TYPE = YES_ERROR;
				GCC_WARN_UNDECLARED_SELECTOR = YES;
				GCC_WARN_UNINITIALIZED_AUTOS = YES_AGGRESSIVE;
				GCC_WARN_UNUSED_FUNCTION = YES;
				GCC_WARN_UNUSED_VARIABLE = YES;
				IPHONEOS_DEPLOYMENT_TARGET = 13.2;
				MTL_ENABLE_DEBUG_INFO = INCLUDE_SOURCE;
				MTL_FAST_MATH = YES;
				ONLY_ACTIVE_ARCH = YES;
				SDKROOT = iphoneos;
				SWIFT_ACTIVE_COMPILATION_CONDITIONS = DEBUG;
				SWIFT_OPTIMIZATION_LEVEL = "-Onone";
				VERSIONING_SYSTEM = "apple-generic";
				VERSION_INFO_PREFIX = "";
			};
			name = Debug;
		};
		418D7699241269790051F8FB /* Release */ = {
			isa = XCBuildConfiguration;
			buildSettings = {
				ALWAYS_SEARCH_USER_PATHS = NO;
				CLANG_ANALYZER_NONNULL = YES;
				CLANG_ANALYZER_NUMBER_OBJECT_CONVERSION = YES_AGGRESSIVE;
				CLANG_CXX_LANGUAGE_STANDARD = "gnu++14";
				CLANG_CXX_LIBRARY = "libc++";
				CLANG_ENABLE_MODULES = YES;
				CLANG_ENABLE_OBJC_ARC = YES;
				CLANG_ENABLE_OBJC_WEAK = YES;
				CLANG_WARN_BLOCK_CAPTURE_AUTORELEASING = YES;
				CLANG_WARN_BOOL_CONVERSION = YES;
				CLANG_WARN_COMMA = YES;
				CLANG_WARN_CONSTANT_CONVERSION = YES;
				CLANG_WARN_DEPRECATED_OBJC_IMPLEMENTATIONS = YES;
				CLANG_WARN_DIRECT_OBJC_ISA_USAGE = YES_ERROR;
				CLANG_WARN_DOCUMENTATION_COMMENTS = YES;
				CLANG_WARN_EMPTY_BODY = YES;
				CLANG_WARN_ENUM_CONVERSION = YES;
				CLANG_WARN_INFINITE_RECURSION = YES;
				CLANG_WARN_INT_CONVERSION = YES;
				CLANG_WARN_NON_LITERAL_NULL_CONVERSION = YES;
				CLANG_WARN_OBJC_IMPLICIT_RETAIN_SELF = YES;
				CLANG_WARN_OBJC_LITERAL_CONVERSION = YES;
				CLANG_WARN_OBJC_ROOT_CLASS = YES_ERROR;
				CLANG_WARN_RANGE_LOOP_ANALYSIS = YES;
				CLANG_WARN_STRICT_PROTOTYPES = YES;
				CLANG_WARN_SUSPICIOUS_MOVE = YES;
				CLANG_WARN_UNGUARDED_AVAILABILITY = YES_AGGRESSIVE;
				CLANG_WARN_UNREACHABLE_CODE = YES;
				CLANG_WARN__DUPLICATE_METHOD_MATCH = YES;
				COPY_PHASE_STRIP = NO;
				CURRENT_PROJECT_VERSION = 1;
				DEBUG_INFORMATION_FORMAT = "dwarf-with-dsym";
				ENABLE_NS_ASSERTIONS = NO;
				ENABLE_STRICT_OBJC_MSGSEND = YES;
				GCC_C_LANGUAGE_STANDARD = gnu11;
				GCC_NO_COMMON_BLOCKS = YES;
				GCC_WARN_64_TO_32_BIT_CONVERSION = YES;
				GCC_WARN_ABOUT_RETURN_TYPE = YES_ERROR;
				GCC_WARN_UNDECLARED_SELECTOR = YES;
				GCC_WARN_UNINITIALIZED_AUTOS = YES_AGGRESSIVE;
				GCC_WARN_UNUSED_FUNCTION = YES;
				GCC_WARN_UNUSED_VARIABLE = YES;
				IPHONEOS_DEPLOYMENT_TARGET = 13.2;
				MTL_ENABLE_DEBUG_INFO = NO;
				MTL_FAST_MATH = YES;
				SDKROOT = iphoneos;
				SWIFT_COMPILATION_MODE = wholemodule;
				SWIFT_OPTIMIZATION_LEVEL = "-O";
				VALIDATE_PRODUCT = YES;
				VERSIONING_SYSTEM = "apple-generic";
				VERSION_INFO_PREFIX = "";
			};
			name = Release;
		};
		418D769B241269790051F8FB /* Debug */ = {
			isa = XCBuildConfiguration;
			buildSettings = {
				CODE_SIGN_STYLE = Automatic;
				DEFINES_MODULE = YES;
				DYLIB_COMPATIBILITY_VERSION = 1;
				DYLIB_CURRENT_VERSION = 1;
				DYLIB_INSTALL_NAME_BASE = "@rpath";
				INFOPLIST_FILE = AppData/Info.plist;
				INSTALL_PATH = "$(LOCAL_LIBRARY_DIR)/Frameworks";
				LD_RUNPATH_SEARCH_PATHS = (
					"$(inherited)",
					"@executable_path/Frameworks",
					"@loader_path/Frameworks",
				);
				PRODUCT_BUNDLE_IDENTIFIER = com.romangl.tdp.AppData;
				PRODUCT_NAME = "$(TARGET_NAME:c99extidentifier)";
				SKIP_INSTALL = YES;
				SWIFT_VERSION = 5.0;
				TARGETED_DEVICE_FAMILY = "1,2";
			};
			name = Debug;
		};
		418D769C241269790051F8FB /* Release */ = {
			isa = XCBuildConfiguration;
			buildSettings = {
				CODE_SIGN_STYLE = Automatic;
				DEFINES_MODULE = YES;
				DYLIB_COMPATIBILITY_VERSION = 1;
				DYLIB_CURRENT_VERSION = 1;
				DYLIB_INSTALL_NAME_BASE = "@rpath";
				INFOPLIST_FILE = AppData/Info.plist;
				INSTALL_PATH = "$(LOCAL_LIBRARY_DIR)/Frameworks";
				LD_RUNPATH_SEARCH_PATHS = (
					"$(inherited)",
					"@executable_path/Frameworks",
					"@loader_path/Frameworks",
				);
				PRODUCT_BUNDLE_IDENTIFIER = com.romangl.tdp.AppData;
				PRODUCT_NAME = "$(TARGET_NAME:c99extidentifier)";
				SKIP_INSTALL = YES;
				SWIFT_VERSION = 5.0;
				TARGETED_DEVICE_FAMILY = "1,2";
			};
			name = Release;
		};
/* End XCBuildConfiguration section */

/* Begin XCConfigurationList section */
		418D768C241269790051F8FB /* Build configuration list for PBXProject "AppData" */ = {
			isa = XCConfigurationList;
			buildConfigurations = (
				418D7698241269790051F8FB /* Debug */,
				418D7699241269790051F8FB /* Release */,
			);
			defaultConfigurationIsVisible = 0;
			defaultConfigurationName = Release;
		};
		418D769A241269790051F8FB /* Build configuration list for PBXNativeTarget "AppData" */ = {
			isa = XCConfigurationList;
			buildConfigurations = (
				418D769B241269790051F8FB /* Debug */,
				418D769C241269790051F8FB /* Release */,
			);
			defaultConfigurationIsVisible = 0;
			defaultConfigurationName = Release;
		};
/* End XCConfigurationList section */

/* Begin XCVersionGroup section */
		418D76A3241270840051F8FB /* AppModel.xcdatamodeld */ = {
			isa = XCVersionGroup;
			children = (
				418D76A2241270840051F8FB /* AppModel.xcdatamodel */,
			);
			currentVersion = 418D76A2241270840051F8FB /* AppModel.xcdatamodel */;
			path = AppModel.xcdatamodeld;
			sourceTree = "<group>";
		};
/* End XCVersionGroup section */
	};
	rootObject = 418D7689241269790051F8FB /* Project object */;
}
